
Microsoft Visual Studio Solution File, Format Version 12.00
# Visual Studio Version 16
VisualStudioVersion = 16.0.30621.155
MinimumVisualStudioVersion = 10.0.40219.1
Project("{FAE04EC0-301F-11D3-BF4B-00C04F79EFBC}") = "ThursdayChallenge", "ThursdayChallenge\ThursdayChallenge.csproj", "{5F43136E-7027-4437-8ECB-B68BAA3AE92C}"
EndProject
Global
	GlobalSection(SolutionConfigurationPlatforms) = preSolution
		Debug|Any CPU = Debug|Any CPU
		Release|Any CPU = Release|Any CPU
	EndGlobalSection
	GlobalSection(ProjectConfigurationPlatforms) = postSolution
		{5F43136E-7027-4437-8ECB-B68BAA3AE92C}.Debug|Any CPU.ActiveCfg = Debug|Any CPU
		{5F43136E-7027-4437-8ECB-B68BAA3AE92C}.Debug|Any CPU.Build.0 = Debug|Any CPU
		{5F43136E-7027-4437-8ECB-B68BAA3AE92C}.Release|Any CPU.ActiveCfg = Release|Any CPU
		{5F43136E-7027-4437-8ECB-B68BAA3AE92C}.Release|Any CPU.Build.0 = Release|Any CPU
	EndGlobalSection
	GlobalSection(SolutionProperties) = preSolution
		HideSolutionNode = FALSE
	EndGlobalSection
	GlobalSection(ExtensibilityGlobals) = postSolution
		SolutionGuid = {A8079946-1E96-4434-A008-B56AEAF2E0C0}
	EndGlobalSection
EndGlobal
