
Microsoft Visual Studio Solution File, Format Version 12.00
# Visual Studio Version 16
VisualStudioVersion = 16.0.30621.155
MinimumVisualStudioVersion = 10.0.40219.1
Project("{FAE04EC0-301F-11D3-BF4B-00C04F79EFBC}") = "Week_1_Challenges", "Week_1_Challenges\Week_1_Challenges.csproj", "{91E65573-E7CC-4210-BFFB-6CC108CE5B00}"
EndProject
Global
	GlobalSection(SolutionConfigurationPlatforms) = preSolution
		Debug|Any CPU = Debug|Any CPU
		Release|Any CPU = Release|Any CPU
	EndGlobalSection
	GlobalSection(ProjectConfigurationPlatforms) = postSolution
		{91E65573-E7CC-4210-BFFB-6CC108CE5B00}.Debug|Any CPU.ActiveCfg = Debug|Any CPU
		{91E65573-E7CC-4210-BFFB-6CC108CE5B00}.Debug|Any CPU.Build.0 = Debug|Any CPU
		{91E65573-E7CC-4210-BFFB-6CC108CE5B00}.Release|Any CPU.ActiveCfg = Release|Any CPU
		{91E65573-E7CC-4210-BFFB-6CC108CE5B00}.Release|Any CPU.Build.0 = Release|Any CPU
	EndGlobalSection
	GlobalSection(SolutionProperties) = preSolution
		HideSolutionNode = FALSE
	EndGlobalSection
	GlobalSection(ExtensibilityGlobals) = postSolution
		SolutionGuid = {264C07C2-6029-4AEC-BBB5-A7CDB5C803B9}
	EndGlobalSection
EndGlobal
